Microsoft Visual Studio Solution File, Format Version 12.00
# Visual Studio Version 17
VisualStudioVersion = 17.5.2.0
MinimumVisualStudioVersion = 10.0.40219.1
Project("{FAE04EC0-301F-11D3-BF4B-00C04F79EFBC}") = "BancoMaster", "BancoMaster.csproj", "{3FB52C54-7115-6A7A-B808-DBD96BAC8B73}"
EndProject
Global
	GlobalSection(SolutionConfigurationPlatforms) = preSolution
		Debug|Any CPU = Debug|Any CPU
		Release|Any CPU = Release|Any CPU
	EndGlobalSection
	GlobalSection(ProjectConfigurationPlatforms) = postSolution
		{3FB52C54-7115-6A7A-B808-DBD96BAC8B73}.Debug|Any CPU.ActiveCfg = Debug|Any CPU
		{3FB52C54-7115-6A7A-B808-DBD96BAC8B73}.Debug|Any CPU.Build.0 = Debug|Any CPU
		{3FB52C54-7115-6A7A-B808-DBD96BAC8B73}.Release|Any CPU.ActiveCfg = Release|Any CPU
		{3FB52C54-7115-6A7A-B808-DBD96BAC8B73}.Release|Any CPU.Build.0 = Release|Any CPU
	EndGlobalSection
	GlobalSection(SolutionProperties) = preSolution
		HideSolutionNode = FALSE
	EndGlobalSection
	GlobalSection(ExtensibilityGlobals) = postSolution
		SolutionGuid = {917B8B50-2559-4AB3-95CA-C44E88796758}
	EndGlobalSection
EndGlobal
